{
    "_meta": {
        "hash": {
            "sha256": "79ec0d0181017fbc1fa3b34950cc4317ccdf788cb5e68d148b0bf8f6a41ee478"
        },
        "pipfile-spec": 6,
        "requires": {
            "python_version": "3.9"
        },
        "sources": [
            {
                "name": "pypi",
                "url": "https://pypi.org/simple",
                "verify_ssl": true
            }
        ]
    },
    "default": {
        "asgiref": {
            "hashes": [
                "sha256:5f184dc43b7e763efe848065441eac62229c9f7b0475f41f80e207a114eda4ce",
                "sha256:e8667a091e69529631969fd45dc268fa79b99c92c5fcdda727757e52146ec133"
            ],
            "markers": "python_version >= '3.9'",
            "version": "==3.11.1"
        },
        "django": {
            "hashes": [
                "sha256:4d07aaf1c62f9984842b67c2874ebbf7056a17be253860299b93ae1881faad65",
                "sha256:4ebc7a434e3819db6cf4b399fb5b3f536310a30e8486f08b66886840be84b37c"
            ],
            "index": "pypi",
            "markers": "python_version >= '3.8'",
            "version": "==4.2.30"
        },
        "djangorestframework": {
            "hashes": [
                "sha256:166809528b1aced0a17dc66c24492af18049f2c9420dbd0be29422029cfc3ff7",
                "sha256:33a59f47fb9c85ede792cbf88bde71893bcda0667bc573f784649521f1102cec"
            ],
            "index": "pypi",
            "markers": "python_version >= '3.9'",
            "version": "==3.16.1"
        },
        "numpy": {
            "hashes": [
                "sha256:0123ffdaa88fa4ab64835dcbde75dcdf89c453c922f18dced6e27c90d1d0ec5a",
                "sha256:11a76c372d1d37437857280aa142086476136a8c0f373b2e648ab2c8f18fb195",
                "sha256:13e689d772146140a252c3a28501da66dfecd77490b498b168b501835041f951",
                "sha256:1e795a8be3ddbac43274f18588329c72939870a16cae810c2b73461c40718ab1",
                "sha256:26df23238872200f63518dd2aa984cfca675d82469535dc7162dc2ee52d9dd5c",
                "sha256:286cd40ce2b7d652a6f22efdfc6d1edf879440e53e76a75955bc0c826c7e64dc",
                "sha256:2b2955fa6f11907cf7a70dab0d0755159bca87755e831e47932367fc8f2f2d0b",
                "sha256:2da5960c3cf0df7eafefd806d4e612c5e19358de82cb3c343631188991566ccd",
                "sha256:312950fdd060354350ed123c0e25a71327d3711584beaef30cdaa93320c392d4",
                "sha256:423e89b23490805d2a5a96fe40ec507407b8ee786d66f7328be214f9679df6dd",
                "sha256:496f71341824ed9f3d2fd36cf3ac57ae2e0165c143b55c3a035ee219413f3318",
                "sha256:49ca4decb342d66018b01932139c0961a8f9ddc7589611158cb3c27cbcf76448",
                "sha256:51129a29dbe56f9ca83438b706e2e69a39892b5eda6cedcb6b0c9fdc9b0d3ece",
                "sha256:5fec9451a7789926bcf7c2b8d187292c9f93ea30284802a0ab3f5be8ab36865d",
                "sha256:671bec6496f83202ed2d3c8fdc486a8fc86942f2e69ff0e986140339a63bcbe5",
                "sha256:7f0a0c6f12e07fa94133c8a67404322845220c06a9e80e85999afe727f7438b8",
                "sha256:807ec44583fd708a21d4a11d94aedf2f4f3c3719035c76a2bbe1fe8e217bdc57",
                "sha256:883c987dee1880e2a864ab0dc9892292582510604156762362d9326444636e78",
                "sha256:8c5713284ce4e282544c68d1c3b2c7161d38c256d2eefc93c1d683cf47683e66",
                "sha256:8cafab480740e22f8d833acefed5cc87ce276f4ece12fdaa2e8903db2f82897a",
                "sha256:8df823f570d9adf0978347d1f926b2a867d5608f434a7cff7f7908c6570dcf5e",
                "sha256:9059e10581ce4093f735ed23f3b9d283b9d517ff46009ddd485f1747eb22653c",
                "sha256:905d16e0c60200656500c95b6b8dca5d109e23cb24abc701d41c02d74c6b3afa",
                "sha256:9189427407d88ff25ecf8f12469d4d39d35bee1db5d39fc5c168c6f088a6956d",
                "sha256:96a55f64139912d61de9137f11bf39a55ec8faec288c75a54f93dfd39f7eb40c",
                "sha256:97032a27bd9d8988b9a97a8c4d2c9f2c15a81f61e2f21404d7e8ef00cb5be729",
                "sha256:984d96121c9f9616cd33fbd0618b7f08e0cfc9600a7ee1d6fd9b239186d19d97",
                "sha256:9a92ae5c14811e390f3767053ff54eaee3bf84576d99a2456391401323f4ec2c",
                "sha256:9ea91dfb7c3d1c56a0e55657c0afb38cf1eeae4544c208dc465c3c9f3a7c09f9",
                "sha256:a15f476a45e6e5a3a79d8a14e62161d27ad897381fecfa4a09ed5322f2085669",
                "sha256:a392a68bd329eafac5817e5aefeb39038c48b671afd242710b451e76090e81f4",
                "sha256:a3f4ab0caa7f053f6797fcd4e1e25caee367db3112ef2b6ef82d749530768c73",
                "sha256:a46288ec55ebbd58947d31d72be2c63cbf839f0a63b49cb755022310792a3385",
                "sha256:a61ec659f68ae254e4d237816e33171497e978140353c0c2038d46e63282d0c8",
                "sha256:a842d573724391493a97a62ebbb8e731f8a5dcc5d285dfc99141ca15a3302d0c",
                "sha256:becfae3ddd30736fe1889a37f1f580e245ba79a5855bff5f2a29cb3ccc22dd7b",
                "sha256:c05e238064fc0610c840d1cf6a13bf63d7e391717d247f1bf0318172e759e692",
                "sha256:c1c9307701fec8f3f7a1e6711f9089c06e6284b3afbbcd259f7791282d660a15",
                "sha256:c7b0be4ef08607dd04da4092faee0b86607f111d5ae68036f16cc787e250a131",
                "sha256:cfd41e13fdc257aa5778496b8caa5e856dc4896d4ccf01841daee1d96465467a",
                "sha256:d731a1c6116ba289c1e9ee714b08a8ff882944d4ad631fd411106a30f083c326",
                "sha256:df55d490dea7934f330006d0f81e8551ba6010a5bf035a249ef61a94f21c500b",
                "sha256:ec9852fb39354b5a45a80bdab5ac02dd02b15f44b3804e9f00c556bf24b4bded",
                "sha256:f15975dfec0cf2239224d80e32c3170b1d168335eaedee69da84fbe9f1f9cd04",
                "sha256:f26b258c385842546006213344c50655ff1555a9338e2e5e02a0756dc3e803dd"
            ],
            "markers": "python_version >= '3.9'",
            "version": "==2.0.2"
        },
        "pandas": {
            "hashes": [
                "sha256:0242fe9a49aa8b4d78a4fa03acb397a58833ef6199e9aa40a95f027bb3a1b6e7",
                "sha256:1611aedd912e1ff81ff41c745822980c49ce4a7907537be8692c8dbc31924593",
                "sha256:1b07204a219b3b7350abaae088f451860223a52cfb8a6c53358e7948735158e5",
                "sha256:1d37b5848ba49824e5c30bedb9c830ab9b7751fd049bc7914533e01c65f79791",
                "sha256:23ebd657a4d38268c7dfbdf089fbc31ea709d82e4923c5ffd4fbd5747133ce73",
                "sha256:2462b1a365b6109d275250baaae7b760fd25c726aaca0054649286bcfbb3e8ec",
                "sha256:28083c648d9a99a5dd035ec125d42439c6c1c525098c58af0fc38dd1a7a1b3d4",
                "sha256:2e3ebdb170b5ef78f19bfb71b0dc5dc58775032361fa188e814959b74d726dd5",
                "sha256:318d77e0e42a628c04dc56bcef4b40de67918f7041c2b061af1da41dcff670ac",
                "sha256:371a4ab48e950033bcf52b6527eccb564f52dc826c02afd9a1bc0ab731bba084",
                "sha256:376c6446ae31770764215a6c937f72d917f214b43560603cd60da6408f183b6c",
                "sha256:3869faf4bd07b3b66a9f462417d0ca3a9df29a9f6abd5d0d0dbab15dac7abe87",
                "sha256:3fd2f887589c7aa868e02632612ba39acb0b8948faf5cc58f0850e165bd46f35",
                "sha256:4793891684806ae50d1288c9bae9330293ab4e083ccd1c5e383c34549c6e4250",
                "sha256:4e0a175408804d566144e170d0476b15d78458795bb18f1304fb94160cabf40c",
                "sha256:503cf027cf9940d2ceaa1a93cfb5f8c8c7e6e90720a2850378f0b3f3b1e06826",
                "sha256:5554c929ccc317d41a5e3d1234f3be588248e61f08a74dd17c9eabb535777dc9",
                "sha256:56851a737e3470de7fa88e6131f41281ed440d29a9268dcbf0002da5ac366713",
                "sha256:5caf26f64126b6c7aec964f74266f435afef1c1b13da3b0636c7518a1fa3e2b1",
                "sha256:602b8615ebcc4a0c1751e71840428ddebeb142ec02c786e8ad6b1ce3c8dec523",
                "sha256:6253c72c6a1d990a410bc7de641d34053364ef8bcd3126f7e7450125887dffe3",
                "sha256:6435cb949cb34ec11cc9860246ccb2fdc9ecd742c12d3304989017d53f039a78",
                "sha256:6d21f6d74eb1725c2efaa71a2bfc661a0689579b58e9c0ca58a739ff0b002b53",
                "sha256:6d2cefc361461662ac48810cb14365a365ce864afe85ef1f447ff5a1e99ea81c",
                "sha256:74ecdf1d301e812db96a465a525952f4dde225fdb6d8e5a521d47e1f42041e21",
                "sha256:75ea25f9529fdec2d2e93a42c523962261e567d250b0013b16210e1d40d7c2e5",
                "sha256:854d00d556406bffe66a4c0802f334c9ad5a96b4f1f868adf036a21b11ef13ff",
                "sha256:8fe25fc7b623b0ef6b5009149627e34d2a4657e880948ec3c840e9402e5c1b45",
                "sha256:900f47d8f20860de523a1ac881c4c36d65efcb2eb850e6948140fa781736e110",
                "sha256:93c2d9ab0fc11822b5eece72ec9587e172f63cff87c00b062f6e37448ced4493",
                "sha256:a16dcec078a01eeef8ee61bf64074b4e524a2a3f4b3be9326420cabe59c4778b",
                "sha256:a21d830e78df0a515db2b3d2f5570610f5e6bd2e27749770e8bb7b524b89b450",
                "sha256:a45c765238e2ed7d7c608fc5bc4a6f88b642f2f01e70c0c23d2224dd21829d86",
                "sha256:a637c5cdfa04b6d6e2ecedcb81fc52ffb0fd78ce2ebccc9ea964df9f658de8c8",
                "sha256:a68e15f780eddf2b07d242e17a04aa187a7ee12b40b930bfdd78070556550e98",
                "sha256:b3d11d2fda7eb164ef27ffc14b4fcab16a80e1ce67e9f57e19ec0afaf715ba89",
                "sha256:b468d3dad6ff947df92dcb32ede5b7bd41a9b3cceef0a30ed925f6d01fb8fa66",
                "sha256:b98560e98cb334799c0b07ca7967ac361a47326e9b4e5a7dfb5ab2b1c9d35a1b",
                "sha256:bdcd9d1167f4885211e401b3036c0c8d9e274eee67ea8d0758a256d60704cfe8",
                "sha256:bf1f8a81d04ca90e32a0aceb819d34dbd378a98bf923b6398b9a3ec0bf44de29",
                "sha256:c46467899aaa4da076d5abc11084634e2d197e9460643dd455ac3db5856b24d6",
                "sha256:c4fc4c21971a1a9f4bdb4c73978c7f7256caa3e62b323f70d6cb80db583350bc",
                "sha256:c503ba5216814e295f40711470446bc3fd00f0faea8a086cbc688808e26f92a2",
                "sha256:d051c0e065b94b7a3cea50eb1ec32e912cd96dba41647eb24104b6c6c14c5788",
                "sha256:d3e28b3e83862ccf4d85ff19cf8c20b2ae7e503881711ff2d534dc8f761131aa",
                "sha256:db4301b2d1f926ae677a751eb2bd0e8c5f5319c9cb3f88b0becbbb0b07b34151",
                "sha256:dd7478f1463441ae4ca7308a70e90b33470fa593429f9d4c578dd00d1fa78838",
                "sha256:e05e1af93b977f7eafa636d043f9f94c7ee3ac81af99c13508215942e64c993b",
                "sha256:e19d192383eab2f4ceb30b412b22ea30690c9e618f78870357ae1d682912015a",
                "sha256:e32e7cc9af0f1cc15548288a51a3b681cc2a219faa838e995f7dc53dbab1062d",
                "sha256:ecaf1e12bdc03c86ad4a7ea848d66c685cb6851d807a26aa245ca3d2017a1908",
                "sha256:ee15f284898e7b246df8087fc82b87b01686f98ee67d85a17b7ab44143a3a9a0",
                "sha256:ee67acbbf05014ea6c763beb097e03cd629961c8a632075eeb34247120abcb4b",
                "sha256:f086f6fe114e19d92014a1966f43a3e62285109afe874f067f5abbdcbb10e59c",
                "sha256:f8bfc0e12dc78f777f323f55c58649591b2cd0c43534e8355c51d3fede5f4dee"
            ],
            "index": "pypi",
            "markers": "python_version >= '3.9'",
            "version": "==2.3.3"
        },
        "psycopg": {
            "extras": [
                "binary"
            ],
            "hashes": [
                "sha256:309adaeda61d44556046ec9a83a93f42bbe5310120b1995f3af49ab6d9f13c1d",
                "sha256:a481374514f2da627157f767a9336705ebefe93ea7a0522a6cbacba165da179a"
            ],
            "markers": "python_version >= '3.8'",
            "version": "==3.2.13"
        },
        "psycopg-binary": {
            "hashes": [
                "sha256:00ac1f1832c11ebf7ce3e30cd9cd9ec4d32b7d4aabe02e5cc6dca1b6ecff215d",
                "sha256:028b49eb465f5d263d250cfd4f168fdabb306d0bbd97fd66a8a1fd7b696a953c",
                "sha256:082579f2ae41bdabe20c82810810f3e290ac2206cccf0cb41cf36b3218f53b3c",
                "sha256:087acf2b24787ae206718136c1f51bc90cda68b02c3819b0556f418e3565f2c3",
                "sha256:090c22795969ee1ace17322b1718769694607d942cef084c6fb4493adfa57da0",
                "sha256:0ef8ed4a4e0f7bf5e941782478a43c14b2b585b031e2266dd3afb87be2775d95",
                "sha256:13e2f8894d410678529ff9f1211f96c5a93ff142f992b302682b42d924428b61",
                "sha256:1c9e7ddbb1fe0c99ebe73e4658722d6e6fb7058dacac0fbe98653cf01a7a6871",
                "sha256:1db11a7e618d58cfb937c409c7d279a84cbb31d32a7efc63f1e5f426f3613793",
                "sha256:223fc610a80bbc4355ad3c9952d468a18bb5cd7065846a8c275f100d80cd4004",
                "sha256:27150515de5f709e4142429db6fd36a1d01f0b8b17d915b5f7bb095364465398",
                "sha256:2d45bc5f4335498d32a26c8f8c0bf9ce8c973c19e78a9ee77c031300fb361300",
                "sha256:2f63868cc96bc18486cebec24445affbdd7f7debf28fac466ea935a8b5a4753b",
                "sha256:38cadba35c8e3d0a43a916457c9b91c510be7253576d052d9549fd3c49c55782",
                "sha256:4150a5e72f863be442d153829724109d83a76871d9bc801d6bb5b9c84b5b19b9",
                "sha256:4a6cafabdc0bfa37e11c6f365020fd5916b62d6296df581f4dceaa43a2ce680c",
                "sha256:502a778c3e07c6b3aabfa56ee230e8c264d2debfab42d11535513a01bdfff0d6",
                "sha256:5056e701ec81e792f6acd362276585ac0c24456519b5e2fe552f298a04d2cd0c",
                "sha256:532ea34f673148d637be65a96251832252e278540b39fbd683ef37e58ec361c1",
                "sha256:594dfbca3326e997ae738d3d339004e8416b1f7390f52ce8dc2d692393e8fa96",
                "sha256:596176ae3dfbf56fc61108870bfe17c7205d33ac28d524909feb5335201daa0a",
                "sha256:5c77f156c7316529ed371b5f95a51139e531328ee39c37493a2afcbc1f79d5de",
                "sha256:5d466ac3a3738647ff2405397946870dc363e33282ced151e7ea74f622947c06",
                "sha256:5f5081b2cbb0358bb3625109d41b57411bf9d9c29762a867e38c06d974b245ee",
                "sha256:65df0d459ffba14082d8ca4bb2f6ffbb2f8d02968f7d34a747e1031934b76b23",
                "sha256:6a50db4661fae78779d3cc38a0a68cabc997ca9d485ec27443b109ef8ac1672a",
                "sha256:6d8d1b709509d0f8cb857acf740b5eccd5bd2fb208a5b20e895f250519a32459",
                "sha256:6fe2982a73b2ea473c9e2b91a35a21af3b03313bed188eccbcde4972483ac60a",
                "sha256:732b25c2d932ca0655ea2588563eae831dc0842c93c69be4754a5b0e9760b38d",
                "sha256:7350d9cc4e35529c4548ddda34a1c17f28d3f3a8f792c25cd67e8a04952ed415",
                "sha256:7561a71d764d6f74d66e8b7d844b0f27fa33de508f65c17b1d56a94c73644776",
                "sha256:75ebc8335f48c339ec24f4c371595f6b7043147fe6d18e619c8564428ab8adaf",
                "sha256:84c32892b75a3c7a1111b0ae17d567e161bec7f51b6419bfee6919973f57a811",
                "sha256:8b843c00478739e95c46d6d3472b13123b634685f107831a9bfc41503a06ecbd",
                "sha256:8db77fac1dfe3f69c982db92a51fd78e1354fa8f523a6781a636123e5c7ffcde",
                "sha256:8f1189dc78553ef4b2e55d9e116fc74870191bc6a9a5f4442412a703c4cc6c3b",
                "sha256:915647b5bbbcde2bd464dc293eec4f74710fa71edc4f85aa6f6c8494a179dc9e",
                "sha256:917ad1cd6e6ef8a9df2f28d7b29c7148f089be46ac56fe838f986c0227652d14",
                "sha256:9942255705255367d94368941e3a913b0daf74b47d191471dbe4dc0de9fbc769",
                "sha256:9ac329532f36342ff99fc1aefdbb531563bec03c7bc3ae934c8347a7a61339df",
                "sha256:9b98ed605a394107ea624c3792896cef29b833d2e193facfd85ba72fc4e2f85b",
                "sha256:9caf14745a1930b4e03fe4072cd7154eaf6e1241d20c42130ed784408a26b24b",
                "sha256:9cfe87749d010dfd34534ba8c71aa0674db9a3fce65232c98989f77c742c9ce7",
                "sha256:9e25eb65494955c0dabdcd7097b004cbd70b982cf3cbc7186c2e854f788677a9",
                "sha256:a146f0a59a7e3ca92996f8133b1d5e5922e668f7c656b4a9201e702f4cf25896",
                "sha256:a56a8b1794cbf27ca04012ac2890d58cfc82b3b310c1dac4fa78fbf6f57e7440",
                "sha256:ac92d6bc1d4a41c7459953a9aa727b9966e937e94c9e072527317fd2a67d488b",
                "sha256:b53b0d9499805b307017070492189e349256e0946f62c815e442baa01f2ea6c5",
                "sha256:b67f06a68d68b4621b6a411f9e583df876977afa06b1ba270b1b347d40aa93fc",
                "sha256:c96cb5a27e68acac6d74b64fca38592a692de9c4b7827339190698d58027aa45",
                "sha256:cbbac4cd5b0e14b91ad8244268ca3fc2f527d1a337b489af57d7669c9d2e1a24",
                "sha256:cc3a0408435dfbb77eeca5e8050df4b19a6e9b7e5e5583edf524c4a83d6293b2",
                "sha256:d3aec6e2f1cf4deb1b9a3ac287c0591479f3bd851d0a911d628f8c2c71c14f4a",
                "sha256:dbae6ab1966e2b61d97e47220556c330c4608bb4cfb3a124aa0595c39995c068",
                "sha256:de06fc9707a49f7c081b5c950974dd6de3dc33d681f7524f0b396471f5a4a480",
                "sha256:ea2fdbcc9142933a47c66970e0df8b363e3bd1ea4c5ce376f2f3d94a9aeec847",
                "sha256:ef324695327681c756e206fbd0aa9bbc50fd05f45c74bc97c640c13ba36cc108",
                "sha256:f062d725898bf6fc5cfc6349a0d08ee09f129deb14d7fcd5c30f9f1b349f39dc",
                "sha256:f26f7009375cf1e92180e5c517c52da1054f7e690dde90e0ed00fa8b5736bcd4",
                "sha256:fae933e4564386199fc54845d85413eedb49760e0bcd2b621fde2dd1825b99b3",
                "sha256:fbc7c46da9b0db8126f8ebcdcc966c0a14e87c187af7978b47f6971bfbb9cc2c",
                "sha256:ff7df7bd8ec2c805f3a4896b8ade971139af0f9f8cf45d05014ac71fe54887be"
            ],
            "markers": "python_version >= '3.8'",
            "version": "==3.2.13"
        },
        "python-dateutil": {
            "hashes": [
                "sha256:37dd54208da7e1cd875388217d5e00ebd4179249f90fb72437e91a35459a0ad3",
                "sha256:a8b2bc7bffae282281c8140a97d3aa9c14da0b136dfe83f850eea9a5f7470427"
            ],
            "markers": "python_version >= '2.7' and python_version not in '3.0, 3.1, 3.2'",
            "version": "==2.9.0.post0"
        },
        "python-dotenv": {
            "hashes": [
                "sha256:42667e897e16ab0d66954af0e60a9caa94f0fd4ecf3aaf6d2d260eec1aa36ad6",
                "sha256:b81ee9561e9ca4004139c6cbba3a238c32b03e4894671e181b671e8cb8425d61"
            ],
            "index": "pypi",
            "markers": "python_version >= '3.9'",
            "version": "==1.2.1"
        },
        "pytz": {
            "hashes": [
                "sha256:04156e608bee23d3792fd45c94ae47fae1036688e75032eea2e3bf0323d1f126",
                "sha256:0e60b47b29f21574376f218fe21abc009894a2321ea16c6754f3cad6eb7cdd6a"
            ],
            "version": "==2026.2"
        },
        "six": {
            "hashes": [
                "sha256:4721f391ed90541fddacab5acf947aa0d3dc7d27b2e1e8eda2be8970586c3274",
                "sha256:ff70335d468e7eb6ec65b95b99d3a2836546063f63acc5171de367e834932a81"
            ],
            "markers": "python_version >= '2.7' and python_version not in '3.0, 3.1, 3.2'",
            "version": "==1.17.0"
        },
        "sqlparse": {
            "hashes": [
                "sha256:12a08b3bf3eec877c519589833aed092e2444e68240a3577e8e26148acc7b1ba",
                "sha256:e20d4a9b0b8585fdf63b10d30066c7c94c5d7a7ec47c889a2d83a3caa93ff28e"
            ],
            "markers": "python_version >= '3.8'",
            "version": "==0.5.5"
        },
        "typing-extensions": {
            "hashes": [
                "sha256:0cea48d173cc12fa28ecabc3b837ea3cf6f38c6d1136f85cbaaf598984861466",
                "sha256:f0fa19c6845758ab08074a0cfa8b7aecb71c999ca73d62883bc25cc018c4e548"
            ],
            "markers": "python_version >= '3.9'",
            "version": "==4.15.0"
        },
        "tzdata": {
            "hashes": [
                "sha256:9173fde7d80d9018e02a662e168e5a2d04f87c41ea174b139fbef642eda62d10",
                "sha256:bbe9af844f658da81a5f95019480da3a89415801f6cc966806612cc7169bffe7"
            ],
            "markers": "python_version >= '2'",
            "version": "==2026.2"
        }
    },
    "develop": {}
}
